
Microsoft Visual Studio Solution File, Format Version 12.00
# Visual Studio Version 17
VisualStudioVersion = 17.0.31903.59
MinimumVisualStudioVersion = 10.0.40219.1
Project("{2150E333-8FDC-42A3-9474-1A3956D46DE8}") = "modules", "modules", "{3D59941D-909A-4395-9BD3-64E9A79F1FCD}"
EndProject
Project("{2150E333-8FDC-42A3-9474-1A3956D46DE8}") = "Ice.AI", "Ice.AI", "{C42183FB-9951-401C-B4B5-9FAA83D2151B}"
EndProject
Project("{2150E333-8FDC-42A3-9474-1A3956D46DE8}") = "src", "src", "{91A8226E-122E-4AA6-A3BA-3C200BB2ABA9}"
EndProject
Project("{FAE04EC0-301F-11D3-BF4B-00C04F79EFBC}") = "Ice.AI.Application", "modules\Ice.AI\src\Ice.AI.Application\Ice.AI.Application.csproj", "{9C94E964-FD2D-40E5-8F12-5832241168C9}"
EndProject
Project("{FAE04EC0-301F-11D3-BF4B-00C04F79EFBC}") = "Ice.AI.Application.Contracts", "modules\Ice.AI\src\Ice.AI.Application.Contracts\Ice.AI.Application.Contracts.csproj", "{1CFFDDB6-9BB6-46AF-A2B5-8BF05458D550}"
EndProject
Project("{FAE04EC0-301F-11D3-BF4B-00C04F79EFBC}") = "Ice.AI.Domain", "modules\Ice.AI\src\Ice.AI.Domain\Ice.AI.Domain.csproj", "{9A10F62F-9F8C-46A5-9851-DC40A964835B}"
EndProject
Project("{FAE04EC0-301F-11D3-BF4B-00C04F79EFBC}") = "Ice.AI.Domain.Shared", "modules\Ice.AI\src\Ice.AI.Domain.Shared\Ice.AI.Domain.Shared.csproj", "{9807191F-F62E-4BE6-934A-6C98C1434623}"
EndProject
Project("{FAE04EC0-301F-11D3-BF4B-00C04F79EFBC}") = "Ice.AI.EntityFrameworkCore", "modules\Ice.AI\src\Ice.AI.EntityFrameworkCore\Ice.AI.EntityFrameworkCore.csproj", "{AD15F8D6-01D4-435C-AC34-D44F8B6C49AB}"
EndProject
Project("{FAE04EC0-301F-11D3-BF4B-00C04F79EFBC}") = "Ice.AI.HttpApi", "modules\Ice.AI\src\Ice.AI.HttpApi\Ice.AI.HttpApi.csproj", "{BF5A371E-D993-41AF-AD7D-0B384701FF6F}"
EndProject
Project("{2150E333-8FDC-42A3-9474-1A3956D46DE8}") = "Ice.Auth", "Ice.Auth", "{2D3C65DC-CABA-4AF0-A915-1CD181A69F7A}"
EndProject
Project("{2150E333-8FDC-42A3-9474-1A3956D46DE8}") = "src", "src", "{B9D11B88-C928-4AA6-9D00-9A10AE17CE00}"
EndProject
Project("{FAE04EC0-301F-11D3-BF4B-00C04F79EFBC}") = "Ice.Auth.Application", "modules\Ice.Auth\src\Ice.Auth.Application\Ice.Auth.Application.csproj", "{B865BE53-5FEE-4EBF-91E2-99487EB5C1F8}"
EndProject
Project("{FAE04EC0-301F-11D3-BF4B-00C04F79EFBC}") = "Ice.Auth.Application.Contracts", "modules\Ice.Auth\src\Ice.Auth.Application.Contracts\Ice.Auth.Application.Contracts.csproj", "{8F1A9C26-E094-436D-A2E5-938991926361}"
EndProject
Project("{FAE04EC0-301F-11D3-BF4B-00C04F79EFBC}") = "Ice.Auth.Domain", "modules\Ice.Auth\src\Ice.Auth.Domain\Ice.Auth.Domain.csproj", "{15616299-0121-4FB3-AB37-8AF7367016B9}"
EndProject
Project("{FAE04EC0-301F-11D3-BF4B-00C04F79EFBC}") = "Ice.Auth.Domain.Shared", "modules\Ice.Auth\src\Ice.Auth.Domain.Shared\Ice.Auth.Domain.Shared.csproj", "{4ACAE1EE-7DB9-49E5-BEB8-DC7DE613D099}"
EndProject
Project("{FAE04EC0-301F-11D3-BF4B-00C04F79EFBC}") = "Ice.Auth.HttpApi", "modules\Ice.Auth\src\Ice.Auth.HttpApi\Ice.Auth.HttpApi.csproj", "{7CAD3F79-2BF7-4941-8EE9-26A8EA412002}"
EndProject
Project("{2150E333-8FDC-42A3-9474-1A3956D46DE8}") = "Ice.PSI", "Ice.PSI", "{F2A8D9EB-F69A-4F7D-8822-44AABB49D4FE}"
EndProject
Project("{2150E333-8FDC-42A3-9474-1A3956D46DE8}") = "src", "src", "{B9E3908C-03F0-478E-9222-7B631A33A26C}"
EndProject
Project("{FAE04EC0-301F-11D3-BF4B-00C04F79EFBC}") = "Ice.PSI.Application", "modules\Ice.PSI\src\Ice.PSI.Application\Ice.PSI.Application.csproj", "{A3AC8CBE-222E-4F1D-8101-9DE0C95D2CC0}"
EndProject
Project("{FAE04EC0-301F-11D3-BF4B-00C04F79EFBC}") = "Ice.PSI.Application.Contracts", "modules\Ice.PSI\src\Ice.PSI.Application.Contracts\Ice.PSI.Application.Contracts.csproj", "{48EF2F0E-1723-43F3-844D-614CB25716D1}"
EndProject
Project("{FAE04EC0-301F-11D3-BF4B-00C04F79EFBC}") = "Ice.PSI.Domain", "modules\Ice.PSI\src\Ice.PSI.Domain\Ice.PSI.Domain.csproj", "{3DF192F5-2A32-4766-80F9-7D22C9453B2C}"
EndProject
Project("{FAE04EC0-301F-11D3-BF4B-00C04F79EFBC}") = "Ice.PSI.Domain.Shared", "modules\Ice.PSI\src\Ice.PSI.Domain.Shared\Ice.PSI.Domain.Shared.csproj", "{05DEDFCE-CBEA-4091-B5CE-2EBD230292B5}"
EndProject
Project("{FAE04EC0-301F-11D3-BF4B-00C04F79EFBC}") = "Ice.PSI.HttpApi", "modules\Ice.PSI\src\Ice.PSI.HttpApi\Ice.PSI.HttpApi.csproj", "{FCA6A895-CDA9-4F6A-A563-B3989908DF75}"
EndProject
Project("{2150E333-8FDC-42A3-9474-1A3956D46DE8}") = "hosts", "hosts", "{E1870379-CAC9-4B38-BBF9-702D5612B632}"
EndProject
Project("{FAE04EC0-301F-11D3-BF4B-00C04F79EFBC}") = "Ice.Micro.HttpApi.Host", "hosts\Ice.Micro.HttpApi.Host\Ice.Micro.HttpApi.Host.csproj", "{FEF109DA-5707-4D60-98B6-F4AC7E620587}"
EndProject
Project("{FAE04EC0-301F-11D3-BF4B-00C04F79EFBC}") = "Ice.Auth.EntityFrameworkCore", "modules\Ice.Auth\src\Ice.Auth.EntityFrameworkCore\Ice.Auth.EntityFrameworkCore.csproj", "{B6FE1728-7FAA-4586-8CBE-8D9E4BC430C1}"
EndProject
Project("{2150E333-8FDC-42A3-9474-1A3956D46DE8}") = "shareds", "shareds", "{F76B4509-F6D2-4372-86B6-D96F848154BE}"
EndProject
Project("{FAE04EC0-301F-11D3-BF4B-00C04F79EFBC}") = "Ice.Utils", "shareds\Ice.Utils\Ice.Utils.csproj", "{9C18F55A-DCE0-4BBF-8615-AD6926D07510}"
EndProject
Project("{FAE04EC0-301F-11D3-BF4B-00C04F79EFBC}") = "Ice.Common", "shareds\Ice.Common\Ice.Common.csproj", "{77212DB8-CD45-4457-9DB5-EC4C0D2C40B8}"
EndProject
Project("{FAE04EC0-301F-11D3-BF4B-00C04F79EFBC}") = "Ice.PSI.EntityFrameworkCore", "modules\Ice.PSI\src\Ice.PSI.EntityFrameworkCore\Ice.PSI.EntityFrameworkCore.csproj", "{93D66810-CF1F-4914-8A2E-058A8C47819C}"
EndProject
Project("{2150E333-8FDC-42A3-9474-1A3956D46DE8}") = "Ice.WMS", "Ice.WMS", "{F731C03E-2BAC-48DC-B6BA-E9D147A5BF31}"
EndProject
Project("{2150E333-8FDC-42A3-9474-1A3956D46DE8}") = "src", "src", "{301B9392-0E15-4944-8CCF-389E97B3A06C}"
EndProject
Project("{FAE04EC0-301F-11D3-BF4B-00C04F79EFBC}") = "Ice.WMS.Application", "modules\Ice.WMS\src\Ice.WMS.Application\Ice.WMS.Application.csproj", "{4E3BFC0F-7B37-437C-8B7D-A3D463DBFCFA}"
EndProject
Project("{FAE04EC0-301F-11D3-BF4B-00C04F79EFBC}") = "Ice.WMS.Application.Contracts", "modules\Ice.WMS\src\Ice.WMS.Application.Contracts\Ice.WMS.Application.Contracts.csproj", "{9D1318DC-4047-4A2F-A563-FB0787ED659B}"
EndProject
Project("{FAE04EC0-301F-11D3-BF4B-00C04F79EFBC}") = "Ice.WMS.Domain", "modules\Ice.WMS\src\Ice.WMS.Domain\Ice.WMS.Domain.csproj", "{DE5BCB11-DA0A-4815-A064-DBCB69F6D134}"
EndProject
Project("{FAE04EC0-301F-11D3-BF4B-00C04F79EFBC}") = "Ice.WMS.Domain.Shared", "modules\Ice.WMS\src\Ice.WMS.Domain.Shared\Ice.WMS.Domain.Shared.csproj", "{73011333-EEA9-4B99-AAB2-197C6F0856C3}"
EndProject
Project("{FAE04EC0-301F-11D3-BF4B-00C04F79EFBC}") = "Ice.WMS.EntityFrameworkCore", "modules\Ice.WMS\src\Ice.WMS.EntityFrameworkCore\Ice.WMS.EntityFrameworkCore.csproj", "{7F5F2117-44B7-4A1D-AD09-8D166CB38B6D}"
EndProject
Project("{FAE04EC0-301F-11D3-BF4B-00C04F79EFBC}") = "Ice.WMS.HttpApi", "modules\Ice.WMS\src\Ice.WMS.HttpApi\Ice.WMS.HttpApi.csproj", "{23A92FA9-1E58-48DF-A3D7-50A36FB25BCD}"
EndProject
Project("{2150E333-8FDC-42A3-9474-1A3956D46DE8}") = "Ice.Base", "Ice.Base", "{B2937DB4-7F37-47A9-9655-4098F2560A40}"
EndProject
Project("{2150E333-8FDC-42A3-9474-1A3956D46DE8}") = "src", "src", "{F21E42C3-FDB6-4B4D-8CF5-FC9545CB14B0}"
EndProject
Project("{FAE04EC0-301F-11D3-BF4B-00C04F79EFBC}") = "Ice.Base.Application", "modules\Ice.Base\src\Ice.Base.Application\Ice.Base.Application.csproj", "{378B46AD-77C8-4EB9-9A3A-DF54B48A35ED}"
EndProject
Project("{FAE04EC0-301F-11D3-BF4B-00C04F79EFBC}") = "Ice.Base.Application.Contracts", "modules\Ice.Base\src\Ice.Base.Application.Contracts\Ice.Base.Application.Contracts.csproj", "{FEE7E80A-CEFF-4118-93D4-F82FADDE94C9}"
EndProject
Project("{FAE04EC0-301F-11D3-BF4B-00C04F79EFBC}") = "Ice.Base.Domain", "modules\Ice.Base\src\Ice.Base.Domain\Ice.Base.Domain.csproj", "{C32BFC4D-9FFA-4884-B30D-C37E850436D3}"
EndProject
Project("{FAE04EC0-301F-11D3-BF4B-00C04F79EFBC}") = "Ice.Base.Domain.Shared", "modules\Ice.Base\src\Ice.Base.Domain.Shared\Ice.Base.Domain.Shared.csproj", "{66D845AF-F7DA-4898-9668-A7F6A6362F31}"
EndProject
Project("{FAE04EC0-301F-11D3-BF4B-00C04F79EFBC}") = "Ice.Base.EntityFrameworkCore", "modules\Ice.Base\src\Ice.Base.EntityFrameworkCore\Ice.Base.EntityFrameworkCore.csproj", "{B9DFE771-6CA3-4D58-A9D8-A9CD116BD020}"
EndProject
Project("{FAE04EC0-301F-11D3-BF4B-00C04F79EFBC}") = "Ice.Base.HttpApi", "modules\Ice.Base\src\Ice.Base.HttpApi\Ice.Base.HttpApi.csproj", "{054C22EF-5BB5-4AB0-8FA5-2355429CA91B}"
EndProject
Project("{FAE04EC0-301F-11D3-BF4B-00C04F79EFBC}") = "KD100SDK", "shareds\KD100SDK\KD100SDK.csproj", "{0DA79568-7469-47CF-90AF-522929A48457}"
EndProject
Global
	GlobalSection(SolutionConfigurationPlatforms) = preSolution
		Debug|Any CPU = Debug|Any CPU
		Release|Any CPU = Release|Any CPU
	EndGlobalSection
	GlobalSection(SolutionProperties) = preSolution
		HideSolutionNode = FALSE
	EndGlobalSection
	GlobalSection(ProjectConfigurationPlatforms) = postSolution
		{9C94E964-FD2D-40E5-8F12-5832241168C9}.Debug|Any CPU.ActiveCfg = Debug|Any CPU
		{9C94E964-FD2D-40E5-8F12-5832241168C9}.Debug|Any CPU.Build.0 = Debug|Any CPU
		{9C94E964-FD2D-40E5-8F12-5832241168C9}.Release|Any CPU.ActiveCfg = Release|Any CPU
		{9C94E964-FD2D-40E5-8F12-5832241168C9}.Release|Any CPU.Build.0 = Release|Any CPU
		{1CFFDDB6-9BB6-46AF-A2B5-8BF05458D550}.Debug|Any CPU.ActiveCfg = Debug|Any CPU
		{1CFFDDB6-9BB6-46AF-A2B5-8BF05458D550}.Debug|Any CPU.Build.0 = Debug|Any CPU
		{1CFFDDB6-9BB6-46AF-A2B5-8BF05458D550}.Release|Any CPU.ActiveCfg = Release|Any CPU
		{1CFFDDB6-9BB6-46AF-A2B5-8BF05458D550}.Release|Any CPU.Build.0 = Release|Any CPU
		{9A10F62F-9F8C-46A5-9851-DC40A964835B}.Debug|Any CPU.ActiveCfg = Debug|Any CPU
		{9A10F62F-9F8C-46A5-9851-DC40A964835B}.Debug|Any CPU.Build.0 = Debug|Any CPU
		{9A10F62F-9F8C-46A5-9851-DC40A964835B}.Release|Any CPU.ActiveCfg = Release|Any CPU
		{9A10F62F-9F8C-46A5-9851-DC40A964835B}.Release|Any CPU.Build.0 = Release|Any CPU
		{9807191F-F62E-4BE6-934A-6C98C1434623}.Debug|Any CPU.ActiveCfg = Debug|Any CPU
		{9807191F-F62E-4BE6-934A-6C98C1434623}.Debug|Any CPU.Build.0 = Debug|Any CPU
		{9807191F-F62E-4BE6-934A-6C98C1434623}.Release|Any CPU.ActiveCfg = Release|Any CPU
		{9807191F-F62E-4BE6-934A-6C98C1434623}.Release|Any CPU.Build.0 = Release|Any CPU
		{AD15F8D6-01D4-435C-AC34-D44F8B6C49AB}.Debug|Any CPU.ActiveCfg = Debug|Any CPU
		{AD15F8D6-01D4-435C-AC34-D44F8B6C49AB}.Debug|Any CPU.Build.0 = Debug|Any CPU
		{AD15F8D6-01D4-435C-AC34-D44F8B6C49AB}.Release|Any CPU.ActiveCfg = Release|Any CPU
		{AD15F8D6-01D4-435C-AC34-D44F8B6C49AB}.Release|Any CPU.Build.0 = Release|Any CPU
		{BF5A371E-D993-41AF-AD7D-0B384701FF6F}.Debug|Any CPU.ActiveCfg = Debug|Any CPU
		{BF5A371E-D993-41AF-AD7D-0B384701FF6F}.Debug|Any CPU.Build.0 = Debug|Any CPU
		{BF5A371E-D993-41AF-AD7D-0B384701FF6F}.Release|Any CPU.ActiveCfg = Release|Any CPU
		{BF5A371E-D993-41AF-AD7D-0B384701FF6F}.Release|Any CPU.Build.0 = Release|Any CPU
		{B865BE53-5FEE-4EBF-91E2-99487EB5C1F8}.Debug|Any CPU.ActiveCfg = Debug|Any CPU
		{B865BE53-5FEE-4EBF-91E2-99487EB5C1F8}.Debug|Any CPU.Build.0 = Debug|Any CPU
		{B865BE53-5FEE-4EBF-91E2-99487EB5C1F8}.Release|Any CPU.ActiveCfg = Release|Any CPU
		{B865BE53-5FEE-4EBF-91E2-99487EB5C1F8}.Release|Any CPU.Build.0 = Release|Any CPU
		{8F1A9C26-E094-436D-A2E5-938991926361}.Debug|Any CPU.ActiveCfg = Debug|Any CPU
		{8F1A9C26-E094-436D-A2E5-938991926361}.Debug|Any CPU.Build.0 = Debug|Any CPU
		{8F1A9C26-E094-436D-A2E5-938991926361}.Release|Any CPU.ActiveCfg = Release|Any CPU
		{8F1A9C26-E094-436D-A2E5-938991926361}.Release|Any CPU.Build.0 = Release|Any CPU
		{15616299-0121-4FB3-AB37-8AF7367016B9}.Debug|Any CPU.ActiveCfg = Debug|Any CPU
		{15616299-0121-4FB3-AB37-8AF7367016B9}.Debug|Any CPU.Build.0 = Debug|Any CPU
		{15616299-0121-4FB3-AB37-8AF7367016B9}.Release|Any CPU.ActiveCfg = Release|Any CPU
		{15616299-0121-4FB3-AB37-8AF7367016B9}.Release|Any CPU.Build.0 = Release|Any CPU
		{4ACAE1EE-7DB9-49E5-BEB8-DC7DE613D099}.Debug|Any CPU.ActiveCfg = Debug|Any CPU
		{4ACAE1EE-7DB9-49E5-BEB8-DC7DE613D099}.Debug|Any CPU.Build.0 = Debug|Any CPU
		{4ACAE1EE-7DB9-49E5-BEB8-DC7DE613D099}.Release|Any CPU.ActiveCfg = Release|Any CPU
		{4ACAE1EE-7DB9-49E5-BEB8-DC7DE613D099}.Release|Any CPU.Build.0 = Release|Any CPU
		{7CAD3F79-2BF7-4941-8EE9-26A8EA412002}.Debug|Any CPU.ActiveCfg = Debug|Any CPU
		{7CAD3F79-2BF7-4941-8EE9-26A8EA412002}.Debug|Any CPU.Build.0 = Debug|Any CPU
		{7CAD3F79-2BF7-4941-8EE9-26A8EA412002}.Release|Any CPU.ActiveCfg = Release|Any CPU
		{7CAD3F79-2BF7-4941-8EE9-26A8EA412002}.Release|Any CPU.Build.0 = Release|Any CPU
		{A3AC8CBE-222E-4F1D-8101-9DE0C95D2CC0}.Debug|Any CPU.ActiveCfg = Debug|Any CPU
		{A3AC8CBE-222E-4F1D-8101-9DE0C95D2CC0}.Debug|Any CPU.Build.0 = Debug|Any CPU
		{A3AC8CBE-222E-4F1D-8101-9DE0C95D2CC0}.Release|Any CPU.ActiveCfg = Release|Any CPU
		{A3AC8CBE-222E-4F1D-8101-9DE0C95D2CC0}.Release|Any CPU.Build.0 = Release|Any CPU
		{48EF2F0E-1723-43F3-844D-614CB25716D1}.Debug|Any CPU.ActiveCfg = Debug|Any CPU
		{48EF2F0E-1723-43F3-844D-614CB25716D1}.Debug|Any CPU.Build.0 = Debug|Any CPU
		{48EF2F0E-1723-43F3-844D-614CB25716D1}.Release|Any CPU.ActiveCfg = Release|Any CPU
		{48EF2F0E-1723-43F3-844D-614CB25716D1}.Release|Any CPU.Build.0 = Release|Any CPU
		{3DF192F5-2A32-4766-80F9-7D22C9453B2C}.Debug|Any CPU.ActiveCfg = Debug|Any CPU
		{3DF192F5-2A32-4766-80F9-7D22C9453B2C}.Debug|Any CPU.Build.0 = Debug|Any CPU
		{3DF192F5-2A32-4766-80F9-7D22C9453B2C}.Release|Any CPU.ActiveCfg = Release|Any CPU
		{3DF192F5-2A32-4766-80F9-7D22C9453B2C}.Release|Any CPU.Build.0 = Release|Any CPU
		{05DEDFCE-CBEA-4091-B5CE-2EBD230292B5}.Debug|Any CPU.ActiveCfg = Debug|Any CPU
		{05DEDFCE-CBEA-4091-B5CE-2EBD230292B5}.Debug|Any CPU.Build.0 = Debug|Any CPU
		{05DEDFCE-CBEA-4091-B5CE-2EBD230292B5}.Release|Any CPU.ActiveCfg = Release|Any CPU
		{05DEDFCE-CBEA-4091-B5CE-2EBD230292B5}.Release|Any CPU.Build.0 = Release|Any CPU
		{FCA6A895-CDA9-4F6A-A563-B3989908DF75}.Debug|Any CPU.ActiveCfg = Debug|Any CPU
		{FCA6A895-CDA9-4F6A-A563-B3989908DF75}.Debug|Any CPU.Build.0 = Debug|Any CPU
		{FCA6A895-CDA9-4F6A-A563-B3989908DF75}.Release|Any CPU.ActiveCfg = Release|Any CPU
		{FCA6A895-CDA9-4F6A-A563-B3989908DF75}.Release|Any CPU.Build.0 = Release|Any CPU
		{FEF109DA-5707-4D60-98B6-F4AC7E620587}.Debug|Any CPU.ActiveCfg = Debug|Any CPU
		{FEF109DA-5707-4D60-98B6-F4AC7E620587}.Debug|Any CPU.Build.0 = Debug|Any CPU
		{FEF109DA-5707-4D60-98B6-F4AC7E620587}.Release|Any CPU.ActiveCfg = Release|Any CPU
		{FEF109DA-5707-4D60-98B6-F4AC7E620587}.Release|Any CPU.Build.0 = Release|Any CPU
		{B6FE1728-7FAA-4586-8CBE-8D9E4BC430C1}.Debug|Any CPU.ActiveCfg = Debug|Any CPU
		{B6FE1728-7FAA-4586-8CBE-8D9E4BC430C1}.Debug|Any CPU.Build.0 = Debug|Any CPU
		{B6FE1728-7FAA-4586-8CBE-8D9E4BC430C1}.Release|Any CPU.ActiveCfg = Release|Any CPU
		{B6FE1728-7FAA-4586-8CBE-8D9E4BC430C1}.Release|Any CPU.Build.0 = Release|Any CPU
		{9C18F55A-DCE0-4BBF-8615-AD6926D07510}.Debug|Any CPU.ActiveCfg = Debug|Any CPU
		{9C18F55A-DCE0-4BBF-8615-AD6926D07510}.Debug|Any CPU.Build.0 = Debug|Any CPU
		{9C18F55A-DCE0-4BBF-8615-AD6926D07510}.Release|Any CPU.ActiveCfg = Release|Any CPU
		{9C18F55A-DCE0-4BBF-8615-AD6926D07510}.Release|Any CPU.Build.0 = Release|Any CPU
		{77212DB8-CD45-4457-9DB5-EC4C0D2C40B8}.Debug|Any CPU.ActiveCfg = Debug|Any CPU
		{77212DB8-CD45-4457-9DB5-EC4C0D2C40B8}.Debug|Any CPU.Build.0 = Debug|Any CPU
		{77212DB8-CD45-4457-9DB5-EC4C0D2C40B8}.Release|Any CPU.ActiveCfg = Release|Any CPU
		{77212DB8-CD45-4457-9DB5-EC4C0D2C40B8}.Release|Any CPU.Build.0 = Release|Any CPU
		{93D66810-CF1F-4914-8A2E-058A8C47819C}.Debug|Any CPU.ActiveCfg = Debug|Any CPU
		{93D66810-CF1F-4914-8A2E-058A8C47819C}.Debug|Any CPU.Build.0 = Debug|Any CPU
		{93D66810-CF1F-4914-8A2E-058A8C47819C}.Release|Any CPU.ActiveCfg = Release|Any CPU
		{93D66810-CF1F-4914-8A2E-058A8C47819C}.Release|Any CPU.Build.0 = Release|Any CPU
		{4E3BFC0F-7B37-437C-8B7D-A3D463DBFCFA}.Debug|Any CPU.ActiveCfg = Debug|Any CPU
		{4E3BFC0F-7B37-437C-8B7D-A3D463DBFCFA}.Debug|Any CPU.Build.0 = Debug|Any CPU
		{4E3BFC0F-7B37-437C-8B7D-A3D463DBFCFA}.Release|Any CPU.ActiveCfg = Release|Any CPU
		{4E3BFC0F-7B37-437C-8B7D-A3D463DBFCFA}.Release|Any CPU.Build.0 = Release|Any CPU
		{9D1318DC-4047-4A2F-A563-FB0787ED659B}.Debug|Any CPU.ActiveCfg = Debug|Any CPU
		{9D1318DC-4047-4A2F-A563-FB0787ED659B}.Debug|Any CPU.Build.0 = Debug|Any CPU
		{9D1318DC-4047-4A2F-A563-FB0787ED659B}.Release|Any CPU.ActiveCfg = Release|Any CPU
		{9D1318DC-4047-4A2F-A563-FB0787ED659B}.Release|Any CPU.Build.0 = Release|Any CPU
		{DE5BCB11-DA0A-4815-A064-DBCB69F6D134}.Debug|Any CPU.ActiveCfg = Debug|Any CPU
		{DE5BCB11-DA0A-4815-A064-DBCB69F6D134}.Debug|Any CPU.Build.0 = Debug|Any CPU
		{DE5BCB11-DA0A-4815-A064-DBCB69F6D134}.Release|Any CPU.ActiveCfg = Release|Any CPU
		{DE5BCB11-DA0A-4815-A064-DBCB69F6D134}.Release|Any CPU.Build.0 = Release|Any CPU
		{73011333-EEA9-4B99-AAB2-197C6F0856C3}.Debug|Any CPU.ActiveCfg = Debug|Any CPU
		{73011333-EEA9-4B99-AAB2-197C6F0856C3}.Debug|Any CPU.Build.0 = Debug|Any CPU
		{73011333-EEA9-4B99-AAB2-197C6F0856C3}.Release|Any CPU.ActiveCfg = Release|Any CPU
		{73011333-EEA9-4B99-AAB2-197C6F0856C3}.Release|Any CPU.Build.0 = Release|Any CPU
		{7F5F2117-44B7-4A1D-AD09-8D166CB38B6D}.Debug|Any CPU.ActiveCfg = Debug|Any CPU
		{7F5F2117-44B7-4A1D-AD09-8D166CB38B6D}.Debug|Any CPU.Build.0 = Debug|Any CPU
		{7F5F2117-44B7-4A1D-AD09-8D166CB38B6D}.Release|Any CPU.ActiveCfg = Release|Any CPU
		{7F5F2117-44B7-4A1D-AD09-8D166CB38B6D}.Release|Any CPU.Build.0 = Release|Any CPU
		{23A92FA9-1E58-48DF-A3D7-50A36FB25BCD}.Debug|Any CPU.ActiveCfg = Debug|Any CPU
		{23A92FA9-1E58-48DF-A3D7-50A36FB25BCD}.Debug|Any CPU.Build.0 = Debug|Any CPU
		{23A92FA9-1E58-48DF-A3D7-50A36FB25BCD}.Release|Any CPU.ActiveCfg = Release|Any CPU
		{23A92FA9-1E58-48DF-A3D7-50A36FB25BCD}.Release|Any CPU.Build.0 = Release|Any CPU
		{378B46AD-77C8-4EB9-9A3A-DF54B48A35ED}.Debug|Any CPU.ActiveCfg = Debug|Any CPU
		{378B46AD-77C8-4EB9-9A3A-DF54B48A35ED}.Debug|Any CPU.Build.0 = Debug|Any CPU
		{378B46AD-77C8-4EB9-9A3A-DF54B48A35ED}.Release|Any CPU.ActiveCfg = Release|Any CPU
		{378B46AD-77C8-4EB9-9A3A-DF54B48A35ED}.Release|Any CPU.Build.0 = Release|Any CPU
		{FEE7E80A-CEFF-4118-93D4-F82FADDE94C9}.Debug|Any CPU.ActiveCfg = Debug|Any CPU
		{FEE7E80A-CEFF-4118-93D4-F82FADDE94C9}.Debug|Any CPU.Build.0 = Debug|Any CPU
		{FEE7E80A-CEFF-4118-93D4-F82FADDE94C9}.Release|Any CPU.ActiveCfg = Release|Any CPU
		{FEE7E80A-CEFF-4118-93D4-F82FADDE94C9}.Release|Any CPU.Build.0 = Release|Any CPU
		{C32BFC4D-9FFA-4884-B30D-C37E850436D3}.Debug|Any CPU.ActiveCfg = Debug|Any CPU
		{C32BFC4D-9FFA-4884-B30D-C37E850436D3}.Debug|Any CPU.Build.0 = Debug|Any CPU
		{C32BFC4D-9FFA-4884-B30D-C37E850436D3}.Release|Any CPU.ActiveCfg = Release|Any CPU
		{C32BFC4D-9FFA-4884-B30D-C37E850436D3}.Release|Any CPU.Build.0 = Release|Any CPU
		{66D845AF-F7DA-4898-9668-A7F6A6362F31}.Debug|Any CPU.ActiveCfg = Debug|Any CPU
		{66D845AF-F7DA-4898-9668-A7F6A6362F31}.Debug|Any CPU.Build.0 = Debug|Any CPU
		{66D845AF-F7DA-4898-9668-A7F6A6362F31}.Release|Any CPU.ActiveCfg = Release|Any CPU
		{66D845AF-F7DA-4898-9668-A7F6A6362F31}.Release|Any CPU.Build.0 = Release|Any CPU
		{B9DFE771-6CA3-4D58-A9D8-A9CD116BD020}.Debug|Any CPU.ActiveCfg = Debug|Any CPU
		{B9DFE771-6CA3-4D58-A9D8-A9CD116BD020}.Debug|Any CPU.Build.0 = Debug|Any CPU
		{B9DFE771-6CA3-4D58-A9D8-A9CD116BD020}.Release|Any CPU.ActiveCfg = Release|Any CPU
		{B9DFE771-6CA3-4D58-A9D8-A9CD116BD020}.Release|Any CPU.Build.0 = Release|Any CPU
		{054C22EF-5BB5-4AB0-8FA5-2355429CA91B}.Debug|Any CPU.ActiveCfg = Debug|Any CPU
		{054C22EF-5BB5-4AB0-8FA5-2355429CA91B}.Debug|Any CPU.Build.0 = Debug|Any CPU
		{054C22EF-5BB5-4AB0-8FA5-2355429CA91B}.Release|Any CPU.ActiveCfg = Release|Any CPU
		{054C22EF-5BB5-4AB0-8FA5-2355429CA91B}.Release|Any CPU.Build.0 = Release|Any CPU
		{0DA79568-7469-47CF-90AF-522929A48457}.Debug|Any CPU.ActiveCfg = Debug|Any CPU
		{0DA79568-7469-47CF-90AF-522929A48457}.Debug|Any CPU.Build.0 = Debug|Any CPU
		{0DA79568-7469-47CF-90AF-522929A48457}.Release|Any CPU.ActiveCfg = Release|Any CPU
		{0DA79568-7469-47CF-90AF-522929A48457}.Release|Any CPU.Build.0 = Release|Any CPU
	EndGlobalSection
	GlobalSection(NestedProjects) = preSolution
		{C42183FB-9951-401C-B4B5-9FAA83D2151B} = {3D59941D-909A-4395-9BD3-64E9A79F1FCD}
		{91A8226E-122E-4AA6-A3BA-3C200BB2ABA9} = {C42183FB-9951-401C-B4B5-9FAA83D2151B}
		{9C94E964-FD2D-40E5-8F12-5832241168C9} = {91A8226E-122E-4AA6-A3BA-3C200BB2ABA9}
		{1CFFDDB6-9BB6-46AF-A2B5-8BF05458D550} = {91A8226E-122E-4AA6-A3BA-3C200BB2ABA9}
		{9A10F62F-9F8C-46A5-9851-DC40A964835B} = {91A8226E-122E-4AA6-A3BA-3C200BB2ABA9}
		{9807191F-F62E-4BE6-934A-6C98C1434623} = {91A8226E-122E-4AA6-A3BA-3C200BB2ABA9}
		{AD15F8D6-01D4-435C-AC34-D44F8B6C49AB} = {91A8226E-122E-4AA6-A3BA-3C200BB2ABA9}
		{BF5A371E-D993-41AF-AD7D-0B384701FF6F} = {91A8226E-122E-4AA6-A3BA-3C200BB2ABA9}
		{2D3C65DC-CABA-4AF0-A915-1CD181A69F7A} = {3D59941D-909A-4395-9BD3-64E9A79F1FCD}
		{B9D11B88-C928-4AA6-9D00-9A10AE17CE00} = {2D3C65DC-CABA-4AF0-A915-1CD181A69F7A}
		{B865BE53-5FEE-4EBF-91E2-99487EB5C1F8} = {B9D11B88-C928-4AA6-9D00-9A10AE17CE00}
		{8F1A9C26-E094-436D-A2E5-938991926361} = {B9D11B88-C928-4AA6-9D00-9A10AE17CE00}
		{15616299-0121-4FB3-AB37-8AF7367016B9} = {B9D11B88-C928-4AA6-9D00-9A10AE17CE00}
		{4ACAE1EE-7DB9-49E5-BEB8-DC7DE613D099} = {B9D11B88-C928-4AA6-9D00-9A10AE17CE00}
		{7CAD3F79-2BF7-4941-8EE9-26A8EA412002} = {B9D11B88-C928-4AA6-9D00-9A10AE17CE00}
		{F2A8D9EB-F69A-4F7D-8822-44AABB49D4FE} = {3D59941D-909A-4395-9BD3-64E9A79F1FCD}
		{B9E3908C-03F0-478E-9222-7B631A33A26C} = {F2A8D9EB-F69A-4F7D-8822-44AABB49D4FE}
		{A3AC8CBE-222E-4F1D-8101-9DE0C95D2CC0} = {B9E3908C-03F0-478E-9222-7B631A33A26C}
		{48EF2F0E-1723-43F3-844D-614CB25716D1} = {B9E3908C-03F0-478E-9222-7B631A33A26C}
		{3DF192F5-2A32-4766-80F9-7D22C9453B2C} = {B9E3908C-03F0-478E-9222-7B631A33A26C}
		{05DEDFCE-CBEA-4091-B5CE-2EBD230292B5} = {B9E3908C-03F0-478E-9222-7B631A33A26C}
		{FCA6A895-CDA9-4F6A-A563-B3989908DF75} = {B9E3908C-03F0-478E-9222-7B631A33A26C}
		{FEF109DA-5707-4D60-98B6-F4AC7E620587} = {E1870379-CAC9-4B38-BBF9-702D5612B632}
		{B6FE1728-7FAA-4586-8CBE-8D9E4BC430C1} = {B9D11B88-C928-4AA6-9D00-9A10AE17CE00}
		{9C18F55A-DCE0-4BBF-8615-AD6926D07510} = {F76B4509-F6D2-4372-86B6-D96F848154BE}
		{77212DB8-CD45-4457-9DB5-EC4C0D2C40B8} = {F76B4509-F6D2-4372-86B6-D96F848154BE}
		{93D66810-CF1F-4914-8A2E-058A8C47819C} = {B9E3908C-03F0-478E-9222-7B631A33A26C}
		{F731C03E-2BAC-48DC-B6BA-E9D147A5BF31} = {3D59941D-909A-4395-9BD3-64E9A79F1FCD}
		{301B9392-0E15-4944-8CCF-389E97B3A06C} = {F731C03E-2BAC-48DC-B6BA-E9D147A5BF31}
		{4E3BFC0F-7B37-437C-8B7D-A3D463DBFCFA} = {301B9392-0E15-4944-8CCF-389E97B3A06C}
		{9D1318DC-4047-4A2F-A563-FB0787ED659B} = {301B9392-0E15-4944-8CCF-389E97B3A06C}
		{DE5BCB11-DA0A-4815-A064-DBCB69F6D134} = {301B9392-0E15-4944-8CCF-389E97B3A06C}
		{73011333-EEA9-4B99-AAB2-197C6F0856C3} = {301B9392-0E15-4944-8CCF-389E97B3A06C}
		{7F5F2117-44B7-4A1D-AD09-8D166CB38B6D} = {301B9392-0E15-4944-8CCF-389E97B3A06C}
		{23A92FA9-1E58-48DF-A3D7-50A36FB25BCD} = {301B9392-0E15-4944-8CCF-389E97B3A06C}
		{B2937DB4-7F37-47A9-9655-4098F2560A40} = {3D59941D-909A-4395-9BD3-64E9A79F1FCD}
		{F21E42C3-FDB6-4B4D-8CF5-FC9545CB14B0} = {B2937DB4-7F37-47A9-9655-4098F2560A40}
		{378B46AD-77C8-4EB9-9A3A-DF54B48A35ED} = {F21E42C3-FDB6-4B4D-8CF5-FC9545CB14B0}
		{FEE7E80A-CEFF-4118-93D4-F82FADDE94C9} = {F21E42C3-FDB6-4B4D-8CF5-FC9545CB14B0}
		{C32BFC4D-9FFA-4884-B30D-C37E850436D3} = {F21E42C3-FDB6-4B4D-8CF5-FC9545CB14B0}
		{66D845AF-F7DA-4898-9668-A7F6A6362F31} = {F21E42C3-FDB6-4B4D-8CF5-FC9545CB14B0}
		{B9DFE771-6CA3-4D58-A9D8-A9CD116BD020} = {F21E42C3-FDB6-4B4D-8CF5-FC9545CB14B0}
		{054C22EF-5BB5-4AB0-8FA5-2355429CA91B} = {F21E42C3-FDB6-4B4D-8CF5-FC9545CB14B0}
		{0DA79568-7469-47CF-90AF-522929A48457} = {F76B4509-F6D2-4372-86B6-D96F848154BE}
	EndGlobalSection
EndGlobal
